
Microsoft Visual Studio Solution File, Format Version 12.00
# Visual Studio Version 16
VisualStudioVersion = 16.0.29409.12
MinimumVisualStudioVersion = 10.0.40219.1
Project("{9A19103F-16F7-4668-BE54-9A1E7A4F7556}") = "Clawfoot.Builders", "Clawfoot.Builders\Clawfoot.Builders.csproj", "{5FD74CED-9F37-49F1-A636-2F8DD7E354F4}"
EndProject
Project("{9A19103F-16F7-4668-BE54-9A1E7A4F7556}") = "Clawfoot.Core", "Clawfoot.Core\Clawfoot.Core.csproj", "{CBBF5A4A-F0AC-4873-9AB6-1596E9AFA811}"
EndProject
Project("{9A19103F-16F7-4668-BE54-9A1E7A4F7556}") = "Clawfoot.Utilities", "Clawfoot.Utilities\Clawfoot.Utilities.csproj", "{432DEFA5-D01A-437B-9660-67587A55EB0A}"
EndProject
Project("{9A19103F-16F7-4668-BE54-9A1E7A4F7556}") = "Clawfoot.Extensions", "Clawfoot.Extensions\Clawfoot.Extensions.csproj", "{0EB1C4E1-D8CA-4249-8F3F-42650CE525E4}"
EndProject
Project("{9A19103F-16F7-4668-BE54-9A1E7A4F7556}") = "Clawfoot.CrudService", "Clawfoot.CrudService\Clawfoot.CrudService.csproj", "{ED43B647-D0AA-4804-84F5-24AEF3A45DB4}"
EndProject
Project("{9A19103F-16F7-4668-BE54-9A1E7A4F7556}") = "Clawfoot.TestUtilities", "Clawfoot.TestUtilities\Clawfoot.TestUtilities.csproj", "{02419211-12E1-4CF8-A725-2FC04D71FDBF}"
EndProject
Project("{9A19103F-16F7-4668-BE54-9A1E7A4F7556}") = "Clawfoot.Extensions.Automapper", "Clawfoot.Extensions.Automapper\Clawfoot.Extensions.Automapper.csproj", "{03ADDCAE-5671-48BA-A656-8E648CF611DE}"
EndProject
Project("{9A19103F-16F7-4668-BE54-9A1E7A4F7556}") = "Clawfoot.Extensions.Newtonsoft", "Clawfoot.Extensions.Newtonsoft\Clawfoot.Extensions.Newtonsoft.csproj", "{9420B04F-FAA7-4AA4-87E5-4083509757DD}"
EndProject
Project("{9A19103F-16F7-4668-BE54-9A1E7A4F7556}") = "Clawfoot.Status", "Clawfoot.Status\Clawfoot.Status.csproj", "{DB54892C-8777-41C0-8FEB-1074954D3A15}"
EndProject
Project("{FAE04EC0-301F-11D3-BF4B-00C04F79EFBC}") = "TestingProgram", "TestingProgram\TestingProgram.csproj", "{6031113A-9C22-49BC-B6CD-C4A01B06C8E7}"
EndProject
Global
	GlobalSection(SolutionConfigurationPlatforms) = preSolution
		Debug|Any CPU = Debug|Any CPU
		Release|Any CPU = Release|Any CPU
	EndGlobalSection
	GlobalSection(ProjectConfigurationPlatforms) = postSolution
		{5FD74CED-9F37-49F1-A636-2F8DD7E354F4}.Debug|Any CPU.ActiveCfg = Debug|Any CPU
		{5FD74CED-9F37-49F1-A636-2F8DD7E354F4}.Debug|Any CPU.Build.0 = Debug|Any CPU
		{5FD74CED-9F37-49F1-A636-2F8DD7E354F4}.Release|Any CPU.ActiveCfg = Release|Any CPU
		{5FD74CED-9F37-49F1-A636-2F8DD7E354F4}.Release|Any CPU.Build.0 = Release|Any CPU
		{CBBF5A4A-F0AC-4873-9AB6-1596E9AFA811}.Debug|Any CPU.ActiveCfg = Debug|Any CPU
		{CBBF5A4A-F0AC-4873-9AB6-1596E9AFA811}.Debug|Any CPU.Build.0 = Debug|Any CPU
		{CBBF5A4A-F0AC-4873-9AB6-1596E9AFA811}.Release|Any CPU.ActiveCfg = Release|Any CPU
		{CBBF5A4A-F0AC-4873-9AB6-1596E9AFA811}.Release|Any CPU.Build.0 = Release|Any CPU
		{432DEFA5-D01A-437B-9660-67587A55EB0A}.Debug|Any CPU.ActiveCfg = Debug|Any CPU
		{432DEFA5-D01A-437B-9660-67587A55EB0A}.Debug|Any CPU.Build.0 = Debug|Any CPU
		{432DEFA5-D01A-437B-9660-67587A55EB0A}.Release|Any CPU.ActiveCfg = Release|Any CPU
		{432DEFA5-D01A-437B-9660-67587A55EB0A}.Release|Any CPU.Build.0 = Release|Any CPU
		{0EB1C4E1-D8CA-4249-8F3F-42650CE525E4}.Debug|Any CPU.ActiveCfg = Debug|Any CPU
		{0EB1C4E1-D8CA-4249-8F3F-42650CE525E4}.Debug|Any CPU.Build.0 = Debug|Any CPU
		{0EB1C4E1-D8CA-4249-8F3F-42650CE525E4}.Release|Any CPU.ActiveCfg = Release|Any CPU
		{0EB1C4E1-D8CA-4249-8F3F-42650CE525E4}.Release|Any CPU.Build.0 = Release|Any CPU
		{ED43B647-D0AA-4804-84F5-24AEF3A45DB4}.Debug|Any CPU.ActiveCfg = Debug|Any CPU
		{ED43B647-D0AA-4804-84F5-24AEF3A45DB4}.Debug|Any CPU.Build.0 = Debug|Any CPU
		{ED43B647-D0AA-4804-84F5-24AEF3A45DB4}.Release|Any CPU.ActiveCfg = Release|Any CPU
		{ED43B647-D0AA-4804-84F5-24AEF3A45DB4}.Release|Any CPU.Build.0 = Release|Any CPU
		{02419211-12E1-4CF8-A725-2FC04D71FDBF}.Debug|Any CPU.ActiveCfg = Debug|Any CPU
		{02419211-12E1-4CF8-A725-2FC04D71FDBF}.Debug|Any CPU.Build.0 = Debug|Any CPU
		{02419211-12E1-4CF8-A725-2FC04D71FDBF}.Release|Any CPU.ActiveCfg = Release|Any CPU
		{02419211-12E1-4CF8-A725-2FC04D71FDBF}.Release|Any CPU.Build.0 = Release|Any CPU
		{03ADDCAE-5671-48BA-A656-8E648CF611DE}.Debug|Any CPU.ActiveCfg = Debug|Any CPU
		{03ADDCAE-5671-48BA-A656-8E648CF611DE}.Debug|Any CPU.Build.0 = Debug|Any CPU
		{03ADDCAE-5671-48BA-A656-8E648CF611DE}.Release|Any CPU.ActiveCfg = Release|Any CPU
		{03ADDCAE-5671-48BA-A656-8E648CF611DE}.Release|Any CPU.Build.0 = Release|Any CPU
		{9420B04F-FAA7-4AA4-87E5-4083509757DD}.Debug|Any CPU.ActiveCfg = Debug|Any CPU
		{9420B04F-FAA7-4AA4-87E5-4083509757DD}.Debug|Any CPU.Build.0 = Debug|Any CPU
		{9420B04F-FAA7-4AA4-87E5-4083509757DD}.Release|Any CPU.ActiveCfg = Release|Any CPU
		{9420B04F-FAA7-4AA4-87E5-4083509757DD}.Release|Any CPU.Build.0 = Release|Any CPU
		{DB54892C-8777-41C0-8FEB-1074954D3A15}.Debug|Any CPU.ActiveCfg = Debug|Any CPU
		{DB54892C-8777-41C0-8FEB-1074954D3A15}.Debug|Any CPU.Build.0 = Debug|Any CPU
		{DB54892C-8777-41C0-8FEB-1074954D3A15}.Release|Any CPU.ActiveCfg = Release|Any CPU
		{DB54892C-8777-41C0-8FEB-1074954D3A15}.Release|Any CPU.Build.0 = Release|Any CPU
		{6031113A-9C22-49BC-B6CD-C4A01B06C8E7}.Debug|Any CPU.ActiveCfg = Debug|Any CPU
		{6031113A-9C22-49BC-B6CD-C4A01B06C8E7}.Debug|Any CPU.Build.0 = Debug|Any CPU
		{6031113A-9C22-49BC-B6CD-C4A01B06C8E7}.Release|Any CPU.ActiveCfg = Release|Any CPU
		{6031113A-9C22-49BC-B6CD-C4A01B06C8E7}.Release|Any CPU.Build.0 = Release|Any CPU
	EndGlobalSection
	GlobalSection(SolutionProperties) = preSolution
		HideSolutionNode = FALSE
	EndGlobalSection
	GlobalSection(ExtensibilityGlobals) = postSolution
		SolutionGuid = {7F7298A2-00C5-4130-ADB1-BD52A3C753AB}
	EndGlobalSection
EndGlobal
